PODS:
  - AppAuth (1.6.0):
    - AppAuth/Core (= 1.6.0)
    - AppAuth/ExternalUserAgent (= 1.6.0)
  - AppAuth/Core (1.6.0)
  - AppAuth/ExternalUserAgent (1.6.0):
    - AppAuth/Core
  - Flutter (1.0.0)
  - flutter_appauth (0.0.1):
    - AppAuth (= 1.6.0)
    - Flutter
  - flutter_secure_storage (3.3.1):
    - Flutter
  - url_launcher (0.0.1):
    - Flutter

DEPENDENCIES:
  - Flutter (from `Flutter`)
  - flutter_appauth (from `.symlinks/plugins/flutter_appauth/ios`)
  - flutter_secure_storage (from `.symlinks/plugins/flutter_secure_storage/ios`)
  - url_launcher (from `.symlinks/plugins/url_launcher/ios`)

SPEC REPOS:
  trunk:
    - AppAuth

EXTERNAL SOURCES:
  Flutter:
    :path: Flutter
  flutter_appauth:
    :path: ".symlinks/plugins/flutter_appauth/ios"
  flutter_secure_storage:
    :path: ".symlinks/plugins/flutter_secure_storage/ios"
  url_launcher:
    :path: ".symlinks/plugins/url_launcher/ios"

SPEC CHECKSUMS:
  AppAuth: 8fca6b5563a5baef2c04bee27538025e4ceb2add
  Flutter: 50d75fe2f02b26cc09d224853bb45737f8b3214a
  flutter_appauth: 525652bda90e43ca5eb7ed748ecc106b79d1f5a1
  flutter_secure_storage: 7953c38a04c3fdbb00571bcd87d8e3b5ceb9daec
  url_launcher: a1c0cc845906122c4784c542523d8cacbded5626

PODFILE CHECKSUM: aafe91acc616949ddb318b77800a7f51bffa2a4c

COCOAPODS: 1.11.3
